
Microsoft Visual Studio Solution File, Format Version 12.00
# Visual Studio Version 16
VisualStudioVersion = 16.0.34407.143
MinimumVisualStudioVersion = 10.0.40219.1
Project("{FAE04EC0-301F-11D3-BF4B-00C04F79EFBC}") = "objects and validation", "samplewebapp\objects and validation.csproj", "{04E6A1E2-9168-4AA5-AB83-556B0911B3C0}"
EndProject
Global
	GlobalSection(SolutionConfigurationPlatforms) = preSolution
		Debug|Any CPU = Debug|Any CPU
		Release|Any CPU = Release|Any CPU
	EndGlobalSection
	GlobalSection(ProjectConfigurationPlatforms) = postSolution
		{04E6A1E2-9168-4AA5-AB83-556B0911B3C0}.Debug|Any CPU.ActiveCfg = Debug|Any CPU
		{04E6A1E2-9168-4AA5-AB83-556B0911B3C0}.Debug|Any CPU.Build.0 = Debug|Any CPU
		{04E6A1E2-9168-4AA5-AB83-556B0911B3C0}.Release|Any CPU.ActiveCfg = Release|Any CPU
		{04E6A1E2-9168-4AA5-AB83-556B0911B3C0}.Release|Any CPU.Build.0 = Release|Any CPU
	EndGlobalSection
	GlobalSection(SolutionProperties) = preSolution
		HideSolutionNode = FALSE
	EndGlobalSection
	GlobalSection(ExtensibilityGlobals) = postSolution
		SolutionGuid = {01163C3E-2636-401B-823C-C907E396160D}
	EndGlobalSection
EndGlobal
